
Microsoft Visual Studio Solution File, Format Version 12.00
# Visual Studio 15
VisualStudioVersion = 15.0.28307.271
MinimumVisualStudioVersion = 10.0.40219.1
Project("{FAE04EC0-301F-11D3-BF4B-00C04F79EFBC}") = "EFCoreConsole", "EFCoreConsole\EFCoreConsole.csproj", "{00652A95-0AFE-4026-AA4D-0DC5D81EBA1E}"
EndProject
Global
	GlobalSection(SolutionConfigurationPlatforms) = preSolution
		Debug|Any CPU = Debug|Any CPU
		Release|Any CPU = Release|Any CPU
	EndGlobalSection
	GlobalSection(ProjectConfigurationPlatforms) = postSolution
		{00652A95-0AFE-4026-AA4D-0DC5D81EBA1E}.Debug|Any CPU.ActiveCfg = Debug|Any CPU
		{00652A95-0AFE-4026-AA4D-0DC5D81EBA1E}.Debug|Any CPU.Build.0 = Debug|Any CPU
		{00652A95-0AFE-4026-AA4D-0DC5D81EBA1E}.Release|Any CPU.ActiveCfg = Release|Any CPU
		{00652A95-0AFE-4026-AA4D-0DC5D81EBA1E}.Release|Any CPU.Build.0 = Release|Any CPU
	EndGlobalSection
	GlobalSection(SolutionProperties) = preSolution
		HideSolutionNode = FALSE
	EndGlobalSection
	GlobalSection(ExtensibilityGlobals) = postSolution
		SolutionGuid = {A5D57495-50CD-4885-AB1E-72D0EC93500B}
	EndGlobalSection
EndGlobal
